
Microsoft Visual Studio Solution File, Format Version 12.00
# Visual Studio Version 17
VisualStudioVersion = 17.5.002.0
MinimumVisualStudioVersion = 10.0.40219.1
Project("{2150E333-8FDC-42A3-9474-1A3956D46DE8}") = "src", "src", "{5ED79F51-78AA-486D-8323-24206932F6BD}"
EndProject
Project("{FAE04EC0-301F-11D3-BF4B-00C04F79EFBC}") = "DiceRollGame", "src\DiceRollGame\DiceRollGame.csproj", "{ED4D20A1-86FE-4647-9938-1769D587537D}"
EndProject
Global
	GlobalSection(SolutionConfigurationPlatforms) = preSolution
		Debug|Any CPU = Debug|Any CPU
		Release|Any CPU = Release|Any CPU
	EndGlobalSection
	GlobalSection(ProjectConfigurationPlatforms) = postSolution
		{ED4D20A1-86FE-4647-9938-1769D587537D}.Debug|Any CPU.ActiveCfg = Debug|Any CPU
		{ED4D20A1-86FE-4647-9938-1769D587537D}.Debug|Any CPU.Build.0 = Debug|Any CPU
		{ED4D20A1-86FE-4647-9938-1769D587537D}.Release|Any CPU.ActiveCfg = Release|Any CPU
		{ED4D20A1-86FE-4647-9938-1769D587537D}.Release|Any CPU.Build.0 = Release|Any CPU
	EndGlobalSection
	GlobalSection(SolutionProperties) = preSolution
		HideSolutionNode = FALSE
	EndGlobalSection
	GlobalSection(ExtensibilityGlobals) = postSolution
		SolutionGuid = {82BAB261-570F-4472-BBCC-EBDA462B2188}
	EndGlobalSection
	GlobalSection(NestedProjects) = preSolution
		{ED4D20A1-86FE-4647-9938-1769D587537D} = {5ED79F51-78AA-486D-8323-24206932F6BD}
	EndGlobalSection
EndGlobal
